
Microsoft Visual Studio Solution File, Format Version 12.00
# Visual Studio Version 16
VisualStudioVersion = 16.0.28922.388
MinimumVisualStudioVersion = 10.0.40219.1
Project("{FAE04EC0-301F-11D3-BF4B-00C04F79EFBC}") = "DollarWords", "DollarWords\DollarWords.csproj", "{F1BCF811-EB7F-4680-BF2D-E668B5263514}"
EndProject
Global
	GlobalSection(SolutionConfigurationPlatforms) = preSolution
		Debug|Any CPU = Debug|Any CPU
		Release|Any CPU = Release|Any CPU
	EndGlobalSection
	GlobalSection(ProjectConfigurationPlatforms) = postSolution
		{F1BCF811-EB7F-4680-BF2D-E668B5263514}.Debug|Any CPU.ActiveCfg = Debug|Any CPU
		{F1BCF811-EB7F-4680-BF2D-E668B5263514}.Debug|Any CPU.Build.0 = Debug|Any CPU
		{F1BCF811-EB7F-4680-BF2D-E668B5263514}.Release|Any CPU.ActiveCfg = Release|Any CPU
		{F1BCF811-EB7F-4680-BF2D-E668B5263514}.Release|Any CPU.Build.0 = Release|Any CPU
	EndGlobalSection
	GlobalSection(SolutionProperties) = preSolution
		HideSolutionNode = FALSE
	EndGlobalSection
	GlobalSection(ExtensibilityGlobals) = postSolution
		SolutionGuid = {D78587EB-9370-4F34-9B11-2B9AC3E1D4FA}
	EndGlobalSection
EndGlobal
