
Microsoft Visual Studio Solution File, Format Version 12.00
# Visual Studio Version 16
VisualStudioVersion = 16.0.28922.388
MinimumVisualStudioVersion = 10.0.40219.1
Project("{9A19103F-16F7-4668-BE54-9A1E7A4F7556}") = "HaveWeMet", "HaveWeMet\HaveWeMet.csproj", "{839E415C-9C72-4A4F-A449-590C5527E1A0}"
EndProject
Project("{FAE04EC0-301F-11D3-BF4B-00C04F79EFBC}") = "Tests", "Tests\Tests.csproj", "{FB9FB7E6-8CDC-4777-A431-935D82721BF5}"
EndProject
Global
	GlobalSection(SolutionConfigurationPlatforms) = preSolution
		Debug|Any CPU = Debug|Any CPU
		Release|Any CPU = Release|Any CPU
	EndGlobalSection
	GlobalSection(ProjectConfigurationPlatforms) = postSolution
		{839E415C-9C72-4A4F-A449-590C5527E1A0}.Debug|Any CPU.ActiveCfg = Debug|Any CPU
		{839E415C-9C72-4A4F-A449-590C5527E1A0}.Debug|Any CPU.Build.0 = Debug|Any CPU
		{839E415C-9C72-4A4F-A449-590C5527E1A0}.Release|Any CPU.ActiveCfg = Release|Any CPU
		{839E415C-9C72-4A4F-A449-590C5527E1A0}.Release|Any CPU.Build.0 = Release|Any CPU
		{FB9FB7E6-8CDC-4777-A431-935D82721BF5}.Debug|Any CPU.ActiveCfg = Debug|Any CPU
		{FB9FB7E6-8CDC-4777-A431-935D82721BF5}.Debug|Any CPU.Build.0 = Debug|Any CPU
		{FB9FB7E6-8CDC-4777-A431-935D82721BF5}.Release|Any CPU.ActiveCfg = Release|Any CPU
		{FB9FB7E6-8CDC-4777-A431-935D82721BF5}.Release|Any CPU.Build.0 = Release|Any CPU
	EndGlobalSection
	GlobalSection(SolutionProperties) = preSolution
		HideSolutionNode = FALSE
	EndGlobalSection
	GlobalSection(ExtensibilityGlobals) = postSolution
		SolutionGuid = {FD5D669E-26A3-4150-AFAE-9AF903645C64}
	EndGlobalSection
EndGlobal
